# This file is generated by running "yarn install" inside your project.
# Manual changes might be lost - proceed with caution!

__metadata:
  version: 4
  cacheKey: 6

"@types/node@npm:*":
  version: 14.6.2
  resolution: "@types/node@npm:14.6.2"
  checksum: e88f4749fd95d7358a719dee27bb3c02aa7d93a69d95887b4baaeae3fcc21c65d8675e6a9633e499de22fa77651fc12188fd3657a6729dbce9e44a4fe5c0691b
  languageName: node
  linkType: hard

"has-flag@npm:^4.0.0":
  version: 4.0.0
  resolution: "has-flag@npm:4.0.0"
  checksum: 2e5391139d3d287231ccb58659702392f6e3abeac3296fb4721afaff46493f3d9b99a9329ae015dfe973aa206ed5c75f43e86aec0267dce79aa5c2b6e811b3ad
  languageName: node
  linkType: hard

"jest-worker@npm:^26.3.0":
  version: 26.3.0
  resolution: "jest-worker@npm:26.3.0"
  dependencies:
    "@types/node": "*"
    merge-stream: ^2.0.0
    supports-color: ^7.0.0
  checksum: 6b7190ef8f6e0dec1a2ed865624e45bc7a7d18795911890423813d1972521abe6f1f2e57076070cb70efa3b5f1b5cf54f33bc7e0bcda41d04341df47f0487d59
  languageName: node
  linkType: hard

"merge-stream@npm:^2.0.0":
  version: 2.0.0
  resolution: "merge-stream@npm:2.0.0"
  checksum: cde834809a0e65485e474de3162af9853ab2a07977fd36d328947b7b3e6207df719ffb115b11085ecc570501e15a2aa8bacd772ac53f77873f53b0626e52a39a
  languageName: node
  linkType: hard

"prettier@npm:^2.1.1":
  version: 2.1.1
  resolution: "prettier@npm:2.1.1"
  bin:
    prettier: bin-prettier.js
  checksum: 420a807cda2d482388daa42379a7aaa1be629cb71f5792362a971a5ed1c6ff377d2e311818d24e9390a4a8a6eac3fda9ebe6975f2168efec893790c0497d8a93
  languageName: node
  linkType: hard

"supports-color@npm:^7.0.0":
  version: 7.2.0
  resolution: "supports-color@npm:7.2.0"
  dependencies:
    has-flag: ^4.0.0
  checksum: 8e57067c39216f3c2ffce7cc14ca934d54746192571203aa9c9922d97d2d55cc1bdaa9e41a11f91e620670b5a74ebdec6b548a885d8cc2dea7cab59e21416029
  languageName: node
  linkType: hard

"worker-logging@workspace:.":
  version: 0.0.0-use.local
  resolution: "worker-logging@workspace:."
  dependencies:
    jest-worker: ^26.3.0
    prettier: ^2.1.1
  languageName: unknown
  linkType: soft
